
Microsoft Visual Studio Solution File, Format Version 12.00
# Visual Studio 15
VisualStudioVersion = 15.0.27004.2002
MinimumVisualStudioVersion = 10.0.40219.1
Project("{FAE04EC0-301F-11D3-BF4B-00C04F79EFBC}") = "FusionCsharp", "FusionCsharp\FusionCsharp.csproj", "{F8D5F636-A0A9-42E7-9BCC-74975304BC5D}"
EndProject
Project("{FAE04EC0-301F-11D3-BF4B-00C04F79EFBC}") = "WindowsFormsApp1", "WindowsFormsApp1\WindowsFormsApp1.csproj", "{63C50B3D-DEFE-4228-B555-B4DABEBD626F}"
EndProject
Global
	GlobalSection(SolutionConfigurationPlatforms) = preSolution
		Debug|Any CPU = Debug|Any CPU
		Release|Any CPU = Release|Any CPU
	EndGlobalSection
	GlobalSection(ProjectConfigurationPlatforms) = postSolution
		{F8D5F636-A0A9-42E7-9BCC-74975304BC5D}.Debug|Any CPU.ActiveCfg = Debug|Any CPU
		{F8D5F636-A0A9-42E7-9BCC-74975304BC5D}.Debug|Any CPU.Build.0 = Debug|Any CPU
		{F8D5F636-A0A9-42E7-9BCC-74975304BC5D}.Release|Any CPU.ActiveCfg = Release|Any CPU
		{F8D5F636-A0A9-42E7-9BCC-74975304BC5D}.Release|Any CPU.Build.0 = Release|Any CPU
		{63C50B3D-DEFE-4228-B555-B4DABEBD626F}.Debug|Any CPU.ActiveCfg = Debug|Any CPU
		{63C50B3D-DEFE-4228-B555-B4DABEBD626F}.Debug|Any CPU.Build.0 = Debug|Any CPU
		{63C50B3D-DEFE-4228-B555-B4DABEBD626F}.Release|Any CPU.ActiveCfg = Release|Any CPU
		{63C50B3D-DEFE-4228-B555-B4DABEBD626F}.Release|Any CPU.Build.0 = Release|Any CPU
	EndGlobalSection
	GlobalSection(SolutionProperties) = preSolution
		HideSolutionNode = FALSE
	EndGlobalSection
	GlobalSection(ExtensibilityGlobals) = postSolution
		SolutionGuid = {592BBE18-F926-49D2-BE83-E1BB9E62858F}
	EndGlobalSection
EndGlobal
